
Microsoft Visual Studio Solution File, Format Version 12.00
# Visual Studio Version 17
VisualStudioVersion = 17.10.34928.147
MinimumVisualStudioVersion = 10.0.40219.1
Project("{FAE04EC0-301F-11D3-BF4B-00C04F79EFBC}") = "Account", "Account\Account.csproj", "{286E4CEB-6685-4023-A5AD-0295F983202C}"
EndProject
Global
	GlobalSection(SolutionConfigurationPlatforms) = preSolution
		Debug|Any CPU = Debug|Any CPU
		Release|Any CPU = Release|Any CPU
	EndGlobalSection
	GlobalSection(ProjectConfigurationPlatforms) = postSolution
		{286E4CEB-6685-4023-A5AD-0295F983202C}.Debug|Any CPU.ActiveCfg = Debug|Any CPU
		{286E4CEB-6685-4023-A5AD-0295F983202C}.Debug|Any CPU.Build.0 = Debug|Any CPU
		{286E4CEB-6685-4023-A5AD-0295F983202C}.Release|Any CPU.ActiveCfg = Release|Any CPU
		{286E4CEB-6685-4023-A5AD-0295F983202C}.Release|Any CPU.Build.0 = Release|Any CPU
	EndGlobalSection
	GlobalSection(SolutionProperties) = preSolution
		HideSolutionNode = FALSE
	EndGlobalSection
	GlobalSection(ExtensibilityGlobals) = postSolution
		SolutionGuid = {DF89399E-4CC7-4DE7-9C59-DFAB261E551C}
	EndGlobalSection
EndGlobal
